
Microsoft Visual Studio Solution File, Format Version 12.00
# Visual Studio Version 17
VisualStudioVersion = 17.14.36221.1 d17.14
MinimumVisualStudioVersion = 10.0.40219.1
Project("{FAE04EC0-301F-11D3-BF4B-00C04F79EFBC}") = "TaskProject", "TaskProject\TaskProject.csproj", "{85789DED-C870-43D8-9D6B-3E26EEE099CC}"
EndProject
Global
	GlobalSection(SolutionConfigurationPlatforms) = preSolution
		Debug|Any CPU = Debug|Any CPU
		Release|Any CPU = Release|Any CPU
	EndGlobalSection
	GlobalSection(ProjectConfigurationPlatforms) = postSolution
		{85789DED-C870-43D8-9D6B-3E26EEE099CC}.Debug|Any CPU.ActiveCfg = Debug|Any CPU
		{85789DED-C870-43D8-9D6B-3E26EEE099CC}.Debug|Any CPU.Build.0 = Debug|Any CPU
		{85789DED-C870-43D8-9D6B-3E26EEE099CC}.Release|Any CPU.ActiveCfg = Release|Any CPU
		{85789DED-C870-43D8-9D6B-3E26EEE099CC}.Release|Any CPU.Build.0 = Release|Any CPU
	EndGlobalSection
	GlobalSection(SolutionProperties) = preSolution
		HideSolutionNode = FALSE
	EndGlobalSection
	GlobalSection(ExtensibilityGlobals) = postSolution
		SolutionGuid = {135033AA-C7CE-4276-94A1-3B12A57F9BAD}
	EndGlobalSection
EndGlobal
